<?xml version="1.0" encoding="utf-8"?>
<Project ToolsVersion="4.0" xmlns="http://schemas.microsoft.com/developer/msbuild/2003">
  <ItemGroup>
    <ClCompile Include="Managers\LogManager.cpp">
      <Filter>Managers</Filter>
    </ClCompile>
    <ClCompile Include="Managers\SoundManager.cpp">
      <Filter>Managers</Filter>
    </ClCompile>
    <ClCompile Include="Core\Core.cpp">
      <Filter>Core</Filter>
    </ClCompile>
    <ClCompile Include="main.cpp" />
    <ClCompile Include="Managers\ElementManager.cpp">
      <Filter>Managers</Filter>
    </ClCompile>
    <ClCompile Include="Managers\PhysicsManager.cpp">
      <Filter>Managers</Filter>
    </ClCompile>
    <ClCompile Include="Managers\ConfigManager.cpp">
      <Filter>Managers</Filter>
    </ClCompile>
    <ClCompile Include="stdafx.cpp" />
    <ClCompile Include="Managers\PreRenderManager.cpp">
      <Filter>Managers</Filter>
    </ClCompile>
    <ClCompile Include="Utils\Pool.cpp">
      <Filter>Utils</Filter>
    </ClCompile>
    <ClCompile Include="Managers\SfmlManager.cpp">
      <Filter>Managers</Filter>
    </ClCompile>
    <ClCompile Include="Utils\SystemTick.cpp">
      <Filter>Utils</Filter>
    </ClCompile>
    <ClCompile Include="Elements\Camera.cpp">
      <Filter>Elements</Filter>
    </ClCompile>
    <ClCompile Include="Elements\Font.cpp">
      <Filter>Elements</Filter>
    </ClCompile>
    <ClCompile Include="Elements\Light.cpp">
      <Filter>Elements</Filter>
    </ClCompile>
    <ClCompile Include="Elements\RenderTarget.cpp">
      <Filter>Elements</Filter>
    </ClCompile>
    <ClCompile Include="Elements\Sound.cpp">
      <Filter>Elements</Filter>
    </ClCompile>
    <ClCompile Include="Elements\Texture.cpp">
      <Filter>Elements</Filter>
    </ClCompile>
    <ClCompile Include="Elements\Model\Model.cpp">
      <Filter>Elements\Model</Filter>
    </ClCompile>
    <ClCompile Include="Elements\Model\Skeleton.cpp">
      <Filter>Elements\Model</Filter>
    </ClCompile>
    <ClCompile Include="Elements\Model\Bone.cpp">
      <Filter>Elements\Model</Filter>
    </ClCompile>
    <ClCompile Include="Elements\Animation\Animation.cpp">
      <Filter>Elements\Animation</Filter>
    </ClCompile>
    <ClCompile Include="Elements\Animation\BoneFrameData.cpp">
      <Filter>Elements\Animation</Filter>
    </ClCompile>
    <ClCompile Include="Managers\RenderManager\RenderManager.cpp">
      <Filter>Managers\RenderManager</Filter>
    </ClCompile>
    <ClCompile Include="Elements\Element.cpp">
      <Filter>Elements</Filter>
    </ClCompile>
    <ClCompile Include="Elements\Drawable.cpp">
      <Filter>Elements</Filter>
    </ClCompile>
    <ClCompile Include="..\vendor\RectangleBinPack\MaxRectsBinPack.cpp">
      <Filter>vendor\RectangleBinPack</Filter>
    </ClCompile>
    <ClCompile Include="..\vendor\RectangleBinPack\Rect.cpp">
      <Filter>vendor\RectangleBinPack</Filter>
    </ClCompile>
    <ClCompile Include="Managers\RenderManager\Quad3D.cpp">
      <Filter>Managers\RenderManager</Filter>
    </ClCompile>
    <ClCompile Include="Utils\GlobalConstants.cpp">
      <Filter>Utils</Filter>
    </ClCompile>
    <ClCompile Include="Utils\MathUtils.cpp">
      <Filter>Utils</Filter>
    </ClCompile>
    <ClCompile Include="Elements\Shader\Shader.cpp">
      <Filter>Elements\Shader</Filter>
    </ClCompile>
    <ClCompile Include="Managers\RenderManager\Quad2D.cpp">
      <Filter>Managers\RenderManager</Filter>
    </ClCompile>
    <ClCompile Include="Utils\Transformation.cpp">
      <Filter>Utils</Filter>
    </ClCompile>
    <ClCompile Include="Managers\RenderManager\PhysicsDrawer.cpp">
      <Filter>Managers\RenderManager</Filter>
    </ClCompile>
    <ClCompile Include="Managers\ModuleManager.cpp">
      <Filter>Managers</Filter>
    </ClCompile>
    <ClCompile Include="..\shared\Utils\EnumUtils.cpp">
      <Filter>shared\Utils</Filter>
    </ClCompile>
    <ClCompile Include="Utils\zlibUtils.cpp">
      <Filter>Utils</Filter>
    </ClCompile>
    <ClCompile Include="..\vendor\pugixml\src\pugixml.cpp">
      <Filter>vendor\pugixml</Filter>
    </ClCompile>
    <ClCompile Include="Elements\Collidable.cpp">
      <Filter>Elements</Filter>
    </ClCompile>
    <ClCompile Include="Elements\Scene\Scene.cpp">
      <Filter>Elements\Scene</Filter>
    </ClCompile>
    <ClCompile Include="Utils\CustomArgument.cpp">
      <Filter>Utils</Filter>
    </ClCompile>
    <ClCompile Include="Utils\CustomArguments.cpp">
      <Filter>Utils</Filter>
    </ClCompile>
    <ClCompile Include="GL\GLTexture2D.cpp">
      <Filter>GL</Filter>
    </ClCompile>
    <ClCompile Include="GL\GLTexture.cpp">
      <Filter>GL</Filter>
    </ClCompile>
    <ClCompile Include="GL\GLTextureCubemap.cpp">
      <Filter>GL</Filter>
    </ClCompile>
    <ClCompile Include="GL\GLVertexArray.cpp">
      <Filter>GL</Filter>
    </ClCompile>
    <ClCompile Include="GL\GLArrayBuffer.cpp">
      <Filter>GL</Filter>
    </ClCompile>
    <ClCompile Include="GL\GLFramebuffer.cpp">
      <Filter>GL</Filter>
    </ClCompile>
    <ClCompile Include="GL\GLRenderbuffer.cpp">
      <Filter>GL</Filter>
    </ClCompile>
    <ClCompile Include="GL\GLShader.cpp">
      <Filter>GL</Filter>
    </ClCompile>
    <ClCompile Include="Elements\Shader\ShaderUniform.cpp">
      <Filter>Elements\Shader</Filter>
    </ClCompile>
    <ClCompile Include="GL\GLViewport.cpp">
      <Filter>GL</Filter>
    </ClCompile>
    <ClCompile Include="GL\GLSetting.cpp">
      <Filter>GL</Filter>
    </ClCompile>
    <ClCompile Include="GL\GLState.cpp">
      <Filter>GL</Filter>
    </ClCompile>
    <ClCompile Include="Elements\Mesh\Mesh.cpp">
      <Filter>Elements\Mesh</Filter>
    </ClCompile>
    <ClCompile Include="Elements\Mesh\Material.cpp">
      <Filter>Elements\Mesh</Filter>
    </ClCompile>
    <ClCompile Include="Elements\Model\Animator.cpp">
      <Filter>Elements\Model</Filter>
    </ClCompile>
    <ClCompile Include="Managers\Manager.cpp">
      <Filter>Managers</Filter>
    </ClCompile>
    <ClCompile Include="Elements\Transformable.cpp">
      <Filter>Elements</Filter>
    </ClCompile>
    <ClCompile Include="Elements\Collider.cpp">
      <Filter>Elements</Filter>
    </ClCompile>
  </ItemGroup>
  <ItemGroup>
    <ClInclude Include="stdafx.h" />
    <ClInclude Include="Managers\LogManager.h">
      <Filter>Managers</Filter>
    </ClInclude>
    <ClInclude Include="Managers\SoundManager.h">
      <Filter>Managers</Filter>
    </ClInclude>
    <ClInclude Include="Core\Core.h">
      <Filter>Core</Filter>
    </ClInclude>
    <ClInclude Include="Managers\ElementManager.h">
      <Filter>Managers</Filter>
    </ClInclude>
    <ClInclude Include="Managers\PhysicsManager.h">
      <Filter>Managers</Filter>
    </ClInclude>
    <ClInclude Include="Managers\ConfigManager.h">
      <Filter>Managers</Filter>
    </ClInclude>
    <ClInclude Include="Managers\PreRenderManager.h">
      <Filter>Managers</Filter>
    </ClInclude>
    <ClInclude Include="Utils\Pool.h">
      <Filter>Utils</Filter>
    </ClInclude>
    <ClInclude Include="Managers\SfmlManager.h">
      <Filter>Managers</Filter>
    </ClInclude>
    <ClInclude Include="Utils\SystemTick.h">
      <Filter>Utils</Filter>
    </ClInclude>
    <ClInclude Include="Elements\Camera.h">
      <Filter>Elements</Filter>
    </ClInclude>
    <ClInclude Include="Elements\Font.h">
      <Filter>Elements</Filter>
    </ClInclude>
    <ClInclude Include="Elements\Light.h">
      <Filter>Elements</Filter>
    </ClInclude>
    <ClInclude Include="Elements\RenderTarget.h">
      <Filter>Elements</Filter>
    </ClInclude>
    <ClInclude Include="Elements\Sound.h">
      <Filter>Elements</Filter>
    </ClInclude>
    <ClInclude Include="Elements\Texture.h">
      <Filter>Elements</Filter>
    </ClInclude>
    <ClInclude Include="Elements\Model\Model.h">
      <Filter>Elements\Model</Filter>
    </ClInclude>
    <ClInclude Include="Elements\Model\Skeleton.h">
      <Filter>Elements\Model</Filter>
    </ClInclude>
    <ClInclude Include="Elements\Model\Bone.h">
      <Filter>Elements\Model</Filter>
    </ClInclude>
    <ClInclude Include="Elements\Animation\Animation.h">
      <Filter>Elements\Animation</Filter>
    </ClInclude>
    <ClInclude Include="Elements\Animation\BoneFrameData.h">
      <Filter>Elements\Animation</Filter>
    </ClInclude>
    <ClInclude Include="Managers\RenderManager\RenderManager.h">
      <Filter>Managers\RenderManager</Filter>
    </ClInclude>
    <ClInclude Include="Elements\Element.h">
      <Filter>Elements</Filter>
    </ClInclude>
    <ClInclude Include="Elements\Drawable.h">
      <Filter>Elements</Filter>
    </ClInclude>
    <ClInclude Include="Managers\RenderManager\Quad3D.h">
      <Filter>Managers\RenderManager</Filter>
    </ClInclude>
    <ClInclude Include="Utils\MathUtils.h">
      <Filter>Utils</Filter>
    </ClInclude>
    <ClInclude Include="Elements\Shader\Shader.h">
      <Filter>Elements\Shader</Filter>
    </ClInclude>
    <ClInclude Include="Managers\RenderManager\Quad2D.h">
      <Filter>Managers\RenderManager</Filter>
    </ClInclude>
    <ClInclude Include="Utils\Transformation.h">
      <Filter>Utils</Filter>
    </ClInclude>
    <ClInclude Include="Managers\RenderManager\PhysicsDrawer.h">
      <Filter>Managers\RenderManager</Filter>
    </ClInclude>
    <ClInclude Include="Managers\ModuleManager.h">
      <Filter>Managers</Filter>
    </ClInclude>
    <ClInclude Include="Interfaces\ICore.h">
      <Filter>Interfaces</Filter>
    </ClInclude>
    <ClInclude Include="Interfaces\ILogManager.h">
      <Filter>Interfaces</Filter>
    </ClInclude>
    <ClInclude Include="Interfaces\ISfmlManager.h">
      <Filter>Interfaces</Filter>
    </ClInclude>
    <ClInclude Include="Interfaces\ISoundManager.h">
      <Filter>Interfaces</Filter>
    </ClInclude>
    <ClInclude Include="Interfaces\IElementManager.h">
      <Filter>Interfaces</Filter>
    </ClInclude>
    <ClInclude Include="Interfaces\IElement.h">
      <Filter>Interfaces</Filter>
    </ClInclude>
    <ClInclude Include="Interfaces\IScene.h">
      <Filter>Interfaces</Filter>
    </ClInclude>
    <ClInclude Include="Interfaces\ICamera.h">
      <Filter>Interfaces</Filter>
    </ClInclude>
    <ClInclude Include="Interfaces\IAnimation.h">
      <Filter>Interfaces</Filter>
    </ClInclude>
    <ClInclude Include="Interfaces\IModel.h">
      <Filter>Interfaces</Filter>
    </ClInclude>
    <ClInclude Include="Interfaces\IDrawable.h">
      <Filter>Interfaces</Filter>
    </ClInclude>
    <ClInclude Include="Interfaces\IRenderTarget.h">
      <Filter>Interfaces</Filter>
    </ClInclude>
    <ClInclude Include="Interfaces\ITexture.h">
      <Filter>Interfaces</Filter>
    </ClInclude>
    <ClInclude Include="Interfaces\IShader.h">
      <Filter>Interfaces</Filter>
    </ClInclude>
    <ClInclude Include="Interfaces\ISound.h">
      <Filter>Interfaces</Filter>
    </ClInclude>
    <ClInclude Include="Interfaces\IFont.h">
      <Filter>Interfaces</Filter>
    </ClInclude>
    <ClInclude Include="Interfaces\IPhysicsManager.h">
      <Filter>Interfaces</Filter>
    </ClInclude>
    <ClInclude Include="Interfaces\IRenderManager.h">
      <Filter>Interfaces</Filter>
    </ClInclude>
    <ClInclude Include="Interfaces\ILight.h">
      <Filter>Interfaces</Filter>
    </ClInclude>
    <ClInclude Include="Interfaces\IModule.h">
      <Filter>Interfaces</Filter>
    </ClInclude>
    <ClInclude Include="Utils\zlibUtils.h">
      <Filter>Utils</Filter>
    </ClInclude>
    <ClInclude Include="Elements\Collidable.h">
      <Filter>Elements</Filter>
    </ClInclude>
    <ClInclude Include="Interfaces\ICollidable.h">
      <Filter>Interfaces</Filter>
    </ClInclude>
    <ClInclude Include="Elements\Scene\Scene.h">
      <Filter>Elements\Scene</Filter>
    </ClInclude>
    <ClInclude Include="Interfaces\ICustomArgument.h">
      <Filter>Interfaces</Filter>
    </ClInclude>
    <ClInclude Include="Interfaces\ICustomArguments.h">
      <Filter>Interfaces</Filter>
    </ClInclude>
    <ClInclude Include="Utils\CustomArgument.h">
      <Filter>Utils</Filter>
    </ClInclude>
    <ClInclude Include="Utils\CustomArguments.h">
      <Filter>Utils</Filter>
    </ClInclude>
    <ClInclude Include="GL\GLTexture2D.h">
      <Filter>GL</Filter>
    </ClInclude>
    <ClInclude Include="GL\GLTexture.h">
      <Filter>GL</Filter>
    </ClInclude>
    <ClInclude Include="GL\GLTextureCubemap.h">
      <Filter>GL</Filter>
    </ClInclude>
    <ClInclude Include="GL\GLVertexArray.h">
      <Filter>GL</Filter>
    </ClInclude>
    <ClInclude Include="GL\GLArrayBuffer.h">
      <Filter>GL</Filter>
    </ClInclude>
    <ClInclude Include="GL\GLFramebuffer.h">
      <Filter>GL</Filter>
    </ClInclude>
    <ClInclude Include="GL\GLRenderbuffer.h">
      <Filter>GL</Filter>
    </ClInclude>
    <ClInclude Include="GL\GLShader.h">
      <Filter>GL</Filter>
    </ClInclude>
    <ClInclude Include="Elements\Shader\ShaderUniform.h">
      <Filter>Elements\Shader</Filter>
    </ClInclude>
    <ClInclude Include="GL\GLViewport.h">
      <Filter>GL</Filter>
    </ClInclude>
    <ClInclude Include="GL\GLSetting.h">
      <Filter>GL</Filter>
    </ClInclude>
    <ClInclude Include="GL\GLState.h">
      <Filter>GL</Filter>
    </ClInclude>
    <ClInclude Include="Elements\Mesh\Mesh.h">
      <Filter>Elements\Mesh</Filter>
    </ClInclude>
    <ClInclude Include="Elements\Mesh\BoneJointData.hpp">
      <Filter>Elements\Mesh</Filter>
    </ClInclude>
    <ClInclude Include="Elements\Mesh\BoneData.hpp">
      <Filter>Elements\Mesh</Filter>
    </ClInclude>
    <ClInclude Include="Elements\Mesh\BoneCollisionData.hpp">
      <Filter>Elements\Mesh</Filter>
    </ClInclude>
    <ClInclude Include="Elements\Mesh\Material.h">
      <Filter>Elements\Mesh</Filter>
    </ClInclude>
    <ClInclude Include="Interfaces\IMesh.h">
      <Filter>Interfaces</Filter>
    </ClInclude>
    <ClInclude Include="Elements\Model\Animator.h">
      <Filter>Elements\Model</Filter>
    </ClInclude>
    <ClInclude Include="Managers\Manager.h">
      <Filter>Managers</Filter>
    </ClInclude>
    <ClInclude Include="Interfaces\ITransformable.h">
      <Filter>Interfaces</Filter>
    </ClInclude>
    <ClInclude Include="Elements\Transformable.h">
      <Filter>Elements</Filter>
    </ClInclude>
    <ClInclude Include="Elements\Collider.h">
      <Filter>Elements</Filter>
    </ClInclude>
    <ClInclude Include="Interfaces\ICollider.h">
      <Filter>Interfaces</Filter>
    </ClInclude>
  </ItemGroup>
  <ItemGroup>
    <Filter Include="Managers">
      <UniqueIdentifier>{f8d8920c-afbf-4349-a7bd-01f594fe4ff5}</UniqueIdentifier>
    </Filter>
    <Filter Include="Core">
      <UniqueIdentifier>{6a0ab0f6-32db-40f2-b394-ab0b541b2696}</UniqueIdentifier>
    </Filter>
    <Filter Include="Utils">
      <UniqueIdentifier>{88d42307-eec7-47ea-bb06-8fdb1eb8c636}</UniqueIdentifier>
    </Filter>
    <Filter Include="vendor">
      <UniqueIdentifier>{00cfde40-a03e-4a92-af64-8eba29925623}</UniqueIdentifier>
    </Filter>
    <Filter Include="vendor\pugixml">
      <UniqueIdentifier>{8d9d0999-a8cd-424e-8e6d-7027214a0f77}</UniqueIdentifier>
    </Filter>
    <Filter Include="Elements">
      <UniqueIdentifier>{90b8520a-62ec-487a-943f-910711e249ee}</UniqueIdentifier>
    </Filter>
    <Filter Include="Elements\Model">
      <UniqueIdentifier>{1424056a-356b-463b-8cec-e9aa98dc1fe7}</UniqueIdentifier>
    </Filter>
    <Filter Include="Elements\Animation">
      <UniqueIdentifier>{970250c9-5a45-431a-9110-a0ebdac65cc9}</UniqueIdentifier>
    </Filter>
    <Filter Include="Managers\RenderManager">
      <UniqueIdentifier>{fe45f4a7-6fe6-45d6-b4fa-92094387cefc}</UniqueIdentifier>
    </Filter>
    <Filter Include="vendor\RectangleBinPack">
      <UniqueIdentifier>{c76d7d5d-de20-4028-a023-81513f1b9aa6}</UniqueIdentifier>
    </Filter>
    <Filter Include="Elements\Shader">
      <UniqueIdentifier>{ff2440a4-1008-4d94-ad83-6e149765d7d6}</UniqueIdentifier>
    </Filter>
    <Filter Include="Interfaces">
      <UniqueIdentifier>{ba79bbbc-23ef-4ee4-b95d-400481e800ce}</UniqueIdentifier>
    </Filter>
    <Filter Include="shared">
      <UniqueIdentifier>{74653a9e-ffe6-43f2-8d12-8242eeba7534}</UniqueIdentifier>
    </Filter>
    <Filter Include="shared\Utils">
      <UniqueIdentifier>{1e1caf18-59fc-451c-a21f-b737b4503784}</UniqueIdentifier>
    </Filter>
    <Filter Include="Elements\Scene">
      <UniqueIdentifier>{2044d392-55dc-45a1-b02c-5c27702939c2}</UniqueIdentifier>
    </Filter>
    <Filter Include="GL">
      <UniqueIdentifier>{f9eba9d3-e104-4a94-87ed-81f6a82909a6}</UniqueIdentifier>
    </Filter>
    <Filter Include="Elements\Mesh">
      <UniqueIdentifier>{a5d2d388-da69-492e-b9c7-a96250bbf692}</UniqueIdentifier>
    </Filter>
  </ItemGroup>
  <ItemGroup>
    <ResourceCompile Include="main_resource.rc" />
  </ItemGroup>
  <ItemGroup>
    <Image Include="roc_icon.ico" />
  </ItemGroup>
</Project>